
Microsoft Visual Studio Solution File, Format Version 12.00
# Visual Studio 2013
VisualStudioVersion = 12.0.30723.0
MinimumVisualStudioVersion = 10.0.40219.1
Project("{FAE04EC0-301F-11D3-BF4B-00C04F79EFBC}") = "LookHub.Installer", "LookHub.Installer\LookHub.Installer.csproj", "{D343D322-FBC2-4B5F-A656-399FC8814509}"
EndProject
Project("{FAE04EC0-301F-11D3-BF4B-00C04F79EFBC}") = "LookHub", "LookHub\LookHub.csproj", "{AD28DF78-5BEC-454D-9C30-404A2FC0C25A}"
EndProject
Global
	GlobalSection(SolutionConfigurationPlatforms) = preSolution
		Debug|Any CPU = Debug|Any CPU
		Release|Any CPU = Release|Any CPU
	EndGlobalSection
	GlobalSection(ProjectConfigurationPlatforms) = postSolution
		{D343D322-FBC2-4B5F-A656-399FC8814509}.Debug|Any CPU.ActiveCfg = Debug|Any CPU
		{D343D322-FBC2-4B5F-A656-399FC8814509}.Debug|Any CPU.Build.0 = Debug|Any CPU
		{D343D322-FBC2-4B5F-A656-399FC8814509}.Release|Any CPU.ActiveCfg = Release|Any CPU
		{D343D322-FBC2-4B5F-A656-399FC8814509}.Release|Any CPU.Build.0 = Release|Any CPU
		{AD28DF78-5BEC-454D-9C30-404A2FC0C25A}.Debug|Any CPU.ActiveCfg = Debug|Any CPU
		{AD28DF78-5BEC-454D-9C30-404A2FC0C25A}.Debug|Any CPU.Build.0 = Debug|Any CPU
		{AD28DF78-5BEC-454D-9C30-404A2FC0C25A}.Release|Any CPU.ActiveCfg = Release|Any CPU
		{AD28DF78-5BEC-454D-9C30-404A2FC0C25A}.Release|Any CPU.Build.0 = Release|Any CPU
	EndGlobalSection
	GlobalSection(SolutionProperties) = preSolution
		HideSolutionNode = FALSE
	EndGlobalSection
	GlobalSection(TestCaseManagementSettings) = postSolution
		CategoryFile = NestIn.vsmdi
	EndGlobalSection
EndGlobal
